
Microsoft Visual Studio Solution File, Format Version 12.00
# Visual Studio Version 17
VisualStudioVersion = 17.1.32319.34
MinimumVisualStudioVersion = 10.0.40219.1
Project("{9A19103F-16F7-4668-BE54-9A1E7A4F7556}") = "MediatR.Extensions.GenerateMediator", "src\MediatR.Extensions.GenerateMediator\MediatR.Extensions.GenerateMediator.csproj", "{6CB0BB3A-47E9-4846-AE5D-31F1566711C8}"
EndProject
Project("{9A19103F-16F7-4668-BE54-9A1E7A4F7556}") = "MediatR.Extensions.GenerateMediator.Example", "samples\MediatR.Extensions.GenerateMediator.Example\MediatR.Extensions.GenerateMediator.Example.csproj", "{2E189DFD-D250-4F26-8347-6897F00D6332}"
EndProject
Global
	GlobalSection(SolutionConfigurationPlatforms) = preSolution
		Debug|Any CPU = Debug|Any CPU
		Release|Any CPU = Release|Any CPU
	EndGlobalSection
	GlobalSection(ProjectConfigurationPlatforms) = postSolution
		{6CB0BB3A-47E9-4846-AE5D-31F1566711C8}.Debug|Any CPU.ActiveCfg = Debug|Any CPU
		{6CB0BB3A-47E9-4846-AE5D-31F1566711C8}.Debug|Any CPU.Build.0 = Debug|Any CPU
		{6CB0BB3A-47E9-4846-AE5D-31F1566711C8}.Release|Any CPU.ActiveCfg = Release|Any CPU
		{6CB0BB3A-47E9-4846-AE5D-31F1566711C8}.Release|Any CPU.Build.0 = Release|Any CPU
		{2E189DFD-D250-4F26-8347-6897F00D6332}.Debug|Any CPU.ActiveCfg = Debug|Any CPU
		{2E189DFD-D250-4F26-8347-6897F00D6332}.Debug|Any CPU.Build.0 = Debug|Any CPU
		{2E189DFD-D250-4F26-8347-6897F00D6332}.Release|Any CPU.ActiveCfg = Release|Any CPU
		{2E189DFD-D250-4F26-8347-6897F00D6332}.Release|Any CPU.Build.0 = Release|Any CPU
	EndGlobalSection
	GlobalSection(SolutionProperties) = preSolution
		HideSolutionNode = FALSE
	EndGlobalSection
	GlobalSection(ExtensibilityGlobals) = postSolution
		SolutionGuid = {E9D3C988-86F1-4BA4-978E-666634542F1A}
	EndGlobalSection
EndGlobal
